
Microsoft Visual Studio Solution File, Format Version 12.00
# Visual Studio 2012
Project("{FAE04EC0-301F-11D3-BF4B-00C04F79EFBC}") = "CSharpProgram", "CSharpProgram\CSharpProgram.csproj", "{A735A28B-B212-45FA-81C2-A70833DE11E3}"
EndProject
Global
	GlobalSection(SolutionConfigurationPlatforms) = preSolution
		Debug|Any CPU = Debug|Any CPU
		Release|Any CPU = Release|Any CPU
	EndGlobalSection
	GlobalSection(ProjectConfigurationPlatforms) = postSolution
		{A735A28B-B212-45FA-81C2-A70833DE11E3}.Debug|Any CPU.ActiveCfg = Debug|Any CPU
		{A735A28B-B212-45FA-81C2-A70833DE11E3}.Debug|Any CPU.Build.0 = Debug|Any CPU
		{A735A28B-B212-45FA-81C2-A70833DE11E3}.Release|Any CPU.ActiveCfg = Release|Any CPU
		{A735A28B-B212-45FA-81C2-A70833DE11E3}.Release|Any CPU.Build.0 = Release|Any CPU
	EndGlobalSection
	GlobalSection(SolutionProperties) = preSolution
		HideSolutionNode = FALSE
	EndGlobalSection
EndGlobal
